<?xml version="1.0" encoding="utf-8"?>
<Project ToolsVersion="4.0" xmlns="http://schemas.microsoft.com/developer/msbuild/2003">
  <ItemGroup>
    <ClCompile Include="..\src\main.cpp" />
    <ClCompile Include="..\src\Core\NWindow.cpp">
      <Filter>Core\Window</Filter>
    </ClCompile>
    <ClCompile Include="..\src\Core\NWinEvent.cpp">
      <Filter>Core\Window</Filter>
    </ClCompile>
    <ClCompile Include="..\src\Core\NGame.cpp">
      <Filter>Core\Game</Filter>
    </ClCompile>
    <ClCompile Include="..\src\Renderer\NRenderer.cpp">
      <Filter>Core\Renderer</Filter>
    </ClCompile>
    <ClCompile Include="..\src\Renderer\NRendererDevice.cpp">
      <Filter>Core\Renderer\On Hold</Filter>
    </ClCompile>
    <ClCompile Include="..\src\Helpers\NMath_Colour.cpp">
      <Filter>Helpers\Maths</Filter>
    </ClCompile>
  </ItemGroup>
  <ItemGroup>
    <Filter Include="Helpers">
      <UniqueIdentifier>{eeffd789-3d8a-4508-a95b-441f7abfe11a}</UniqueIdentifier>
    </Filter>
    <Filter Include="Core">
      <UniqueIdentifier>{488bf368-74e3-4b27-ae88-a67b3089325c}</UniqueIdentifier>
    </Filter>
    <Filter Include="Core\Window">
      <UniqueIdentifier>{47a7bf85-208b-4002-87c8-f55455916759}</UniqueIdentifier>
    </Filter>
    <Filter Include="Core\Game">
      <UniqueIdentifier>{e7a13d4f-9a13-485f-8d02-88d334045f32}</UniqueIdentifier>
    </Filter>
    <Filter Include="Core\Renderer">
      <UniqueIdentifier>{3f57e9a1-f66a-4403-8ab4-d81e66d8dbe0}</UniqueIdentifier>
    </Filter>
    <Filter Include="Core\Renderer\On Hold">
      <UniqueIdentifier>{fd8b4ba4-b078-47f7-abd1-4a86c4a9851d}</UniqueIdentifier>
    </Filter>
    <Filter Include="Helpers\Maths">
      <UniqueIdentifier>{5d8c6bf6-8b94-4e7f-9b93-b08f7f6af00b}</UniqueIdentifier>
    </Filter>
  </ItemGroup>
  <ItemGroup>
    <ClInclude Include="..\src\Helpers\Win32Ref.h">
      <Filter>Helpers</Filter>
    </ClInclude>
    <ClInclude Include="..\src\Core\NWindow.h">
      <Filter>Core\Window</Filter>
    </ClInclude>
    <ClInclude Include="..\src\Core\NGame.h">
      <Filter>Core\Game</Filter>
    </ClInclude>
    <ClInclude Include="..\src\Core\NWinEvent.h">
      <Filter>Core\Window</Filter>
    </ClInclude>
    <ClInclude Include="..\src\Helpers\Platform.h">
      <Filter>Helpers</Filter>
    </ClInclude>
    <ClInclude Include="..\src\Renderer\NRenderer.h">
      <Filter>Core\Renderer</Filter>
    </ClInclude>
    <ClInclude Include="..\src\Helpers\Direct3D.h">
      <Filter>Helpers</Filter>
    </ClInclude>
    <ClInclude Include="..\src\Renderer\NRendererDevice.h">
      <Filter>Core\Renderer\On Hold</Filter>
    </ClInclude>
    <ClInclude Include="..\src\Helpers\NMaths.h">
      <Filter>Helpers\Maths</Filter>
    </ClInclude>
    <ClInclude Include="..\src\Helpers\NMath_Colour.h">
      <Filter>Helpers\Maths</Filter>
    </ClInclude>
  </ItemGroup>
</Project>